
Microsoft Visual Studio Solution File, Format Version 12.00
# Visual Studio 15
VisualStudioVersion = 15.0.27004.2002
MinimumVisualStudioVersion = 10.0.40219.1
Project("{FAE04EC0-301F-11D3-BF4B-00C04F79EFBC}") = "appGameCenter", "appGameCenter\appGameCenter.csproj", "{472DC7EF-BE6F-4FD1-8F16-BAD8034B74A7}"
EndProject
Global
	GlobalSection(SolutionConfigurationPlatforms) = preSolution
		Debug|Any CPU = Debug|Any CPU
		Release|Any CPU = Release|Any CPU
	EndGlobalSection
	GlobalSection(ProjectConfigurationPlatforms) = postSolution
		{472DC7EF-BE6F-4FD1-8F16-BAD8034B74A7}.Debug|Any CPU.ActiveCfg = Debug|Any CPU
		{472DC7EF-BE6F-4FD1-8F16-BAD8034B74A7}.Debug|Any CPU.Build.0 = Debug|Any CPU
		{472DC7EF-BE6F-4FD1-8F16-BAD8034B74A7}.Release|Any CPU.ActiveCfg = Release|Any CPU
		{472DC7EF-BE6F-4FD1-8F16-BAD8034B74A7}.Release|Any CPU.Build.0 = Release|Any CPU
	EndGlobalSection
	GlobalSection(SolutionProperties) = preSolution
		HideSolutionNode = FALSE
	EndGlobalSection
	GlobalSection(ExtensibilityGlobals) = postSolution
		SolutionGuid = {4476E435-A522-422B-81A9-312E348C2AFC}
	EndGlobalSection
EndGlobal
